
Microsoft Visual Studio Solution File, Format Version 12.00
# Visual Studio Version 17
VisualStudioVersion = 17.3.32901.215
MinimumVisualStudioVersion = 10.0.40219.1
Project("{FAE04EC0-301F-11D3-BF4B-00C04F79EFBC}") = "AngularUrlShortener", "AngularUrlShortener\AngularUrlShortener.csproj", "{FC4989B1-C5B3-495C-8E43-B7DFABF8194F}"
EndProject
Project("{FAE04EC0-301F-11D3-BF4B-00C04F79EFBC}") = "AngularUrlShortener.Tests", "AngularUrlShortener.Tests\AngularUrlShortener.Tests.csproj", "{58C5DEAC-7D42-4D5A-9024-F07D79C505E6}"
EndProject
Global
	GlobalSection(SolutionConfigurationPlatforms) = preSolution
		Debug|Any CPU = Debug|Any CPU
		Release|Any CPU = Release|Any CPU
	EndGlobalSection
	GlobalSection(ProjectConfigurationPlatforms) = postSolution
		{FC4989B1-C5B3-495C-8E43-B7DFABF8194F}.Debug|Any CPU.ActiveCfg = Debug|Any CPU
		{FC4989B1-C5B3-495C-8E43-B7DFABF8194F}.Debug|Any CPU.Build.0 = Debug|Any CPU
		{FC4989B1-C5B3-495C-8E43-B7DFABF8194F}.Release|Any CPU.ActiveCfg = Release|Any CPU
		{FC4989B1-C5B3-495C-8E43-B7DFABF8194F}.Release|Any CPU.Build.0 = Release|Any CPU
		{58C5DEAC-7D42-4D5A-9024-F07D79C505E6}.Debug|Any CPU.ActiveCfg = Debug|Any CPU
		{58C5DEAC-7D42-4D5A-9024-F07D79C505E6}.Debug|Any CPU.Build.0 = Debug|Any CPU
		{58C5DEAC-7D42-4D5A-9024-F07D79C505E6}.Release|Any CPU.ActiveCfg = Release|Any CPU
		{58C5DEAC-7D42-4D5A-9024-F07D79C505E6}.Release|Any CPU.Build.0 = Release|Any CPU
	EndGlobalSection
	GlobalSection(SolutionProperties) = preSolution
		HideSolutionNode = FALSE
	EndGlobalSection
	GlobalSection(ExtensibilityGlobals) = postSolution
		SolutionGuid = {BA32DE31-06C5-41E4-BD3D-E99642D78717}
	EndGlobalSection
EndGlobal
